
Microsoft Visual Studio Solution File, Format Version 12.00
# Visual Studio Version 16
VisualStudioVersion = 16.0.32228.343
MinimumVisualStudioVersion = 10.0.40219.1
Project("{FAE04EC0-301F-11D3-BF4B-00C04F79EFBC}") = "WebApplication1", "WebApplication1\WebApplication1.csproj", "{22AA3066-1302-4B46-868B-AC83481C73DE}"
EndProject
Global
	GlobalSection(SolutionConfigurationPlatforms) = preSolution
		Debug|Any CPU = Debug|Any CPU
		Release|Any CPU = Release|Any CPU
	EndGlobalSection
	GlobalSection(ProjectConfigurationPlatforms) = postSolution
		{22AA3066-1302-4B46-868B-AC83481C73DE}.Debug|Any CPU.ActiveCfg = Debug|Any CPU
		{22AA3066-1302-4B46-868B-AC83481C73DE}.Debug|Any CPU.Build.0 = Debug|Any CPU
		{22AA3066-1302-4B46-868B-AC83481C73DE}.Release|Any CPU.ActiveCfg = Release|Any CPU
		{22AA3066-1302-4B46-868B-AC83481C73DE}.Release|Any CPU.Build.0 = Release|Any CPU
	EndGlobalSection
	GlobalSection(SolutionProperties) = preSolution
		HideSolutionNode = FALSE
	EndGlobalSection
	GlobalSection(ExtensibilityGlobals) = postSolution
		SolutionGuid = {C681F87E-65F2-4CF4-A94C-CE70EC9CB5E9}
	EndGlobalSection
EndGlobal
